Microsoft Visual Studio Solution File, Format Version 12.00
# Visual Studio 15
VisualStudioVersion = 15.0.26124.0
MinimumVisualStudioVersion = 15.0.26124.0
Project("{2150E333-8FDC-42A3-9474-1A3956D46DE8}") = "src", "src", "{84C43065-ED9C-45C7-84B3-AAB386BB79D1}"
EndProject
Project("{9A19103F-16F7-4668-BE54-9A1E7A4F7556}") = "Kralizek.Extensions.Configuration.AWSSecretsManager", "src\Kralizek.Extensions.Configuration.AWSSecretsManager\Kralizek.Extensions.Configuration.AWSSecretsManager.csproj", "{9B447248-625F-4E59-B199-C2795AF482C9}"
EndProject
Project("{2150E333-8FDC-42A3-9474-1A3956D46DE8}") = "tests", "tests", "{7C767848-6502-4F8B-90C1-A6F6559026FC}"
EndProject
Project("{9A19103F-16F7-4668-BE54-9A1E7A4F7556}") = "Tests.Extensions.Configuration.AWSSecretsManager", "tests\Tests.Extensions.Configuration.AWSSecretsManager\Tests.Extensions.Configuration.AWSSecretsManager.csproj", "{24C459A9-131E-4BB4-B713-4F4E46E212B5}"
EndProject
Project("{2150E333-8FDC-42A3-9474-1A3956D46DE8}") = "samples", "samples", "{101F77F3-9063-4287-AB1D-20DD19F171A6}"
EndProject
Project("{9A19103F-16F7-4668-BE54-9A1E7A4F7556}") = "Sample1", "samples\Sample1\Sample1.csproj", "{39BD6D77-66D0-4618-924F-93FCED4F7BEC}"
EndProject
Project("{9A19103F-16F7-4668-BE54-9A1E7A4F7556}") = "Sample2", "samples\Sample2\Sample2.csproj", "{999FEF4A-0981-40DD-AB56-5CBF6C005E0B}"
EndProject
Project("{9A19103F-16F7-4668-BE54-9A1E7A4F7556}") = "Sample3", "samples\Sample3\Sample3.csproj", "{22CC67CC-923B-417B-BBFC-D896D45E07DB}"
EndProject
Project("{9A19103F-16F7-4668-BE54-9A1E7A4F7556}") = "Sample4", "samples\Sample4\Sample4.csproj", "{42B9639F-DE6B-414E-AB8A-C9C26E844DE5}"
EndProject
Project("{9A19103F-16F7-4668-BE54-9A1E7A4F7556}") = "Sample5", "samples\Sample5\Sample5.csproj", "{7756FF98-349B-4E15-82D6-523E8AA59D72}"
EndProject
Project("{9A19103F-16F7-4668-BE54-9A1E7A4F7556}") = "SampleWeb", "samples\SampleWeb\SampleWeb.csproj", "{2C9A8D87-1C3E-4F3C-8DDF-E079DD9FBC9B}"
EndProject
Project("{FAE04EC0-301F-11D3-BF4B-00C04F79EFBC}") = "Sample6", "samples\Sample6\Sample6.csproj", "{0C856672-08BA-4E06-B69E-0C4526FB8F54}"
EndProject
Global
	GlobalSection(SolutionConfigurationPlatforms) = preSolution
		Debug|Any CPU = Debug|Any CPU
		Debug|x64 = Debug|x64
		Debug|x86 = Debug|x86
		Release|Any CPU = Release|Any CPU
		Release|x64 = Release|x64
		Release|x86 = Release|x86
	EndGlobalSection
	GlobalSection(ProjectConfigurationPlatforms) = postSolution
		{9B447248-625F-4E59-B199-C2795AF482C9}.Debug|Any CPU.ActiveCfg = Debug|Any CPU
		{9B447248-625F-4E59-B199-C2795AF482C9}.Debug|Any CPU.Build.0 = Debug|Any CPU
		{9B447248-625F-4E59-B199-C2795AF482C9}.Debug|x64.ActiveCfg = Debug|Any CPU
		{9B447248-625F-4E59-B199-C2795AF482C9}.Debug|x64.Build.0 = Debug|Any CPU
		{9B447248-625F-4E59-B199-C2795AF482C9}.Debug|x86.ActiveCfg = Debug|Any CPU
		{9B447248-625F-4E59-B199-C2795AF482C9}.Debug|x86.Build.0 = Debug|Any CPU
		{9B447248-625F-4E59-B199-C2795AF482C9}.Release|Any CPU.ActiveCfg = Release|Any CPU
		{9B447248-625F-4E59-B199-C2795AF482C9}.Release|Any CPU.Build.0 = Release|Any CPU
		{9B447248-625F-4E59-B199-C2795AF482C9}.Release|x64.ActiveCfg = Release|Any CPU
		{9B447248-625F-4E59-B199-C2795AF482C9}.Release|x64.Build.0 = Release|Any CPU
		{9B447248-625F-4E59-B199-C2795AF482C9}.Release|x86.ActiveCfg = Release|Any CPU
		{9B447248-625F-4E59-B199-C2795AF482C9}.Release|x86.Build.0 = Release|Any CPU
		{24C459A9-131E-4BB4-B713-4F4E46E212B5}.Debug|Any CPU.ActiveCfg = Debug|Any CPU
		{24C459A9-131E-4BB4-B713-4F4E46E212B5}.Debug|Any CPU.Build.0 = Debug|Any CPU
		{24C459A9-131E-4BB4-B713-4F4E46E212B5}.Debug|x64.ActiveCfg = Debug|Any CPU
		{24C459A9-131E-4BB4-B713-4F4E46E212B5}.Debug|x64.Build.0 = Debug|Any CPU
		{24C459A9-131E-4BB4-B713-4F4E46E212B5}.Debug|x86.ActiveCfg = Debug|Any CPU
		{24C459A9-131E-4BB4-B713-4F4E46E212B5}.Debug|x86.Build.0 = Debug|Any CPU
		{24C459A9-131E-4BB4-B713-4F4E46E212B5}.Release|Any CPU.ActiveCfg = Release|Any CPU
		{24C459A9-131E-4BB4-B713-4F4E46E212B5}.Release|Any CPU.Build.0 = Release|Any CPU
		{24C459A9-131E-4BB4-B713-4F4E46E212B5}.Release|x64.ActiveCfg = Release|Any CPU
		{24C459A9-131E-4BB4-B713-4F4E46E212B5}.Release|x64.Build.0 = Release|Any CPU
		{24C459A9-131E-4BB4-B713-4F4E46E212B5}.Release|x86.ActiveCfg = Release|Any CPU
		{24C459A9-131E-4BB4-B713-4F4E46E212B5}.Release|x86.Build.0 = Release|Any CPU
		{39BD6D77-66D0-4618-924F-93FCED4F7BEC}.Debug|Any CPU.ActiveCfg = Debug|Any CPU
		{39BD6D77-66D0-4618-924F-93FCED4F7BEC}.Debug|Any CPU.Build.0 = Debug|Any CPU
		{39BD6D77-66D0-4618-924F-93FCED4F7BEC}.Debug|x64.ActiveCfg = Debug|Any CPU
		{39BD6D77-66D0-4618-924F-93FCED4F7BEC}.Debug|x64.Build.0 = Debug|Any CPU
		{39BD6D77-66D0-4618-924F-93FCED4F7BEC}.Debug|x86.ActiveCfg = Debug|Any CPU
		{39BD6D77-66D0-4618-924F-93FCED4F7BEC}.Debug|x86.Build.0 = Debug|Any CPU
		{39BD6D77-66D0-4618-924F-93FCED4F7BEC}.Release|Any CPU.ActiveCfg = Release|Any CPU
		{39BD6D77-66D0-4618-924F-93FCED4F7BEC}.Release|Any CPU.Build.0 = Release|Any CPU
		{39BD6D77-66D0-4618-924F-93FCED4F7BEC}.Release|x64.ActiveCfg = Release|Any CPU
		{39BD6D77-66D0-4618-924F-93FCED4F7BEC}.Release|x64.Build.0 = Release|Any CPU
		{39BD6D77-66D0-4618-924F-93FCED4F7BEC}.Release|x86.ActiveCfg = Release|Any CPU
		{39BD6D77-66D0-4618-924F-93FCED4F7BEC}.Release|x86.Build.0 = Release|Any CPU
		{999FEF4A-0981-40DD-AB56-5CBF6C005E0B}.Debug|Any CPU.ActiveCfg = Debug|Any CPU
		{999FEF4A-0981-40DD-AB56-5CBF6C005E0B}.Debug|Any CPU.Build.0 = Debug|Any CPU
		{999FEF4A-0981-40DD-AB56-5CBF6C005E0B}.Debug|x64.ActiveCfg = Debug|Any CPU
		{999FEF4A-0981-40DD-AB56-5CBF6C005E0B}.Debug|x64.Build.0 = Debug|Any CPU
		{999FEF4A-0981-40DD-AB56-5CBF6C005E0B}.Debug|x86.ActiveCfg = Debug|Any CPU
		{999FEF4A-0981-40DD-AB56-5CBF6C005E0B}.Debug|x86.Build.0 = Debug|Any CPU
		{999FEF4A-0981-40DD-AB56-5CBF6C005E0B}.Release|Any CPU.ActiveCfg = Release|Any CPU
		{999FEF4A-0981-40DD-AB56-5CBF6C005E0B}.Release|Any CPU.Build.0 = Release|Any CPU
		{999FEF4A-0981-40DD-AB56-5CBF6C005E0B}.Release|x64.ActiveCfg = Release|Any CPU
		{999FEF4A-0981-40DD-AB56-5CBF6C005E0B}.Release|x64.Build.0 = Release|Any CPU
		{999FEF4A-0981-40DD-AB56-5CBF6C005E0B}.Release|x86.ActiveCfg = Release|Any CPU
		{999FEF4A-0981-40DD-AB56-5CBF6C005E0B}.Release|x86.Build.0 = Release|Any CPU
		{22CC67CC-923B-417B-BBFC-D896D45E07DB}.Debug|Any CPU.ActiveCfg = Debug|Any CPU
		{22CC67CC-923B-417B-BBFC-D896D45E07DB}.Debug|Any CPU.Build.0 = Debug|Any CPU
		{22CC67CC-923B-417B-BBFC-D896D45E07DB}.Debug|x64.ActiveCfg = Debug|Any CPU
		{22CC67CC-923B-417B-BBFC-D896D45E07DB}.Debug|x64.Build.0 = Debug|Any CPU
		{22CC67CC-923B-417B-BBFC-D896D45E07DB}.Debug|x86.ActiveCfg = Debug|Any CPU
		{22CC67CC-923B-417B-BBFC-D896D45E07DB}.Debug|x86.Build.0 = Debug|Any CPU
		{22CC67CC-923B-417B-BBFC-D896D45E07DB}.Release|Any CPU.ActiveCfg = Release|Any CPU
		{22CC67CC-923B-417B-BBFC-D896D45E07DB}.Release|Any CPU.Build.0 = Release|Any CPU
		{22CC67CC-923B-417B-BBFC-D896D45E07DB}.Release|x64.ActiveCfg = Release|Any CPU
		{22CC67CC-923B-417B-BBFC-D896D45E07DB}.Release|x64.Build.0 = Release|Any CPU
		{22CC67CC-923B-417B-BBFC-D896D45E07DB}.Release|x86.ActiveCfg = Release|Any CPU
		{22CC67CC-923B-417B-BBFC-D896D45E07DB}.Release|x86.Build.0 = Release|Any CPU
		{42B9639F-DE6B-414E-AB8A-C9C26E844DE5}.Debug|Any CPU.ActiveCfg = Debug|Any CPU
		{42B9639F-DE6B-414E-AB8A-C9C26E844DE5}.Debug|Any CPU.Build.0 = Debug|Any CPU
		{42B9639F-DE6B-414E-AB8A-C9C26E844DE5}.Debug|x64.ActiveCfg = Debug|Any CPU
		{42B9639F-DE6B-414E-AB8A-C9C26E844DE5}.Debug|x64.Build.0 = Debug|Any CPU
		{42B9639F-DE6B-414E-AB8A-C9C26E844DE5}.Debug|x86.ActiveCfg = Debug|Any CPU
		{42B9639F-DE6B-414E-AB8A-C9C26E844DE5}.Debug|x86.Build.0 = Debug|Any CPU
		{42B9639F-DE6B-414E-AB8A-C9C26E844DE5}.Release|Any CPU.ActiveCfg = Release|Any CPU
		{42B9639F-DE6B-414E-AB8A-C9C26E844DE5}.Release|Any CPU.Build.0 = Release|Any CPU
		{42B9639F-DE6B-414E-AB8A-C9C26E844DE5}.Release|x64.ActiveCfg = Release|Any CPU
		{42B9639F-DE6B-414E-AB8A-C9C26E844DE5}.Release|x64.Build.0 = Release|Any CPU
		{42B9639F-DE6B-414E-AB8A-C9C26E844DE5}.Release|x86.ActiveCfg = Release|Any CPU
		{42B9639F-DE6B-414E-AB8A-C9C26E844DE5}.Release|x86.Build.0 = Release|Any CPU
		{7756FF98-349B-4E15-82D6-523E8AA59D72}.Debug|Any CPU.ActiveCfg = Debug|Any CPU
		{7756FF98-349B-4E15-82D6-523E8AA59D72}.Debug|Any CPU.Build.0 = Debug|Any CPU
		{7756FF98-349B-4E15-82D6-523E8AA59D72}.Debug|x64.ActiveCfg = Debug|Any CPU
		{7756FF98-349B-4E15-82D6-523E8AA59D72}.Debug|x64.Build.0 = Debug|Any CPU
		{7756FF98-349B-4E15-82D6-523E8AA59D72}.Debug|x86.ActiveCfg = Debug|Any CPU
		{7756FF98-349B-4E15-82D6-523E8AA59D72}.Debug|x86.Build.0 = Debug|Any CPU
		{7756FF98-349B-4E15-82D6-523E8AA59D72}.Release|Any CPU.ActiveCfg = Release|Any CPU
		{7756FF98-349B-4E15-82D6-523E8AA59D72}.Release|Any CPU.Build.0 = Release|Any CPU
		{7756FF98-349B-4E15-82D6-523E8AA59D72}.Release|x64.ActiveCfg = Release|Any CPU
		{7756FF98-349B-4E15-82D6-523E8AA59D72}.Release|x64.Build.0 = Release|Any CPU
		{7756FF98-349B-4E15-82D6-523E8AA59D72}.Release|x86.ActiveCfg = Release|Any CPU
		{7756FF98-349B-4E15-82D6-523E8AA59D72}.Release|x86.Build.0 = Release|Any CPU
		{2C9A8D87-1C3E-4F3C-8DDF-E079DD9FBC9B}.Debug|Any CPU.ActiveCfg = Debug|Any CPU
		{2C9A8D87-1C3E-4F3C-8DDF-E079DD9FBC9B}.Debug|Any CPU.Build.0 = Debug|Any CPU
		{2C9A8D87-1C3E-4F3C-8DDF-E079DD9FBC9B}.Debug|x64.ActiveCfg = Debug|Any CPU
		{2C9A8D87-1C3E-4F3C-8DDF-E079DD9FBC9B}.Debug|x64.Build.0 = Debug|Any CPU
		{2C9A8D87-1C3E-4F3C-8DDF-E079DD9FBC9B}.Debug|x86.ActiveCfg = Debug|Any CPU
		{2C9A8D87-1C3E-4F3C-8DDF-E079DD9FBC9B}.Debug|x86.Build.0 = Debug|Any CPU
		{2C9A8D87-1C3E-4F3C-8DDF-E079DD9FBC9B}.Release|Any CPU.ActiveCfg = Release|Any CPU
		{2C9A8D87-1C3E-4F3C-8DDF-E079DD9FBC9B}.Release|Any CPU.Build.0 = Release|Any CPU
		{2C9A8D87-1C3E-4F3C-8DDF-E079DD9FBC9B}.Release|x64.ActiveCfg = Release|Any CPU
		{2C9A8D87-1C3E-4F3C-8DDF-E079DD9FBC9B}.Release|x64.Build.0 = Release|Any CPU
		{2C9A8D87-1C3E-4F3C-8DDF-E079DD9FBC9B}.Release|x86.ActiveCfg = Release|Any CPU
		{2C9A8D87-1C3E-4F3C-8DDF-E079DD9FBC9B}.Release|x86.Build.0 = Release|Any CPU
		{0C856672-08BA-4E06-B69E-0C4526FB8F54}.Debug|Any CPU.ActiveCfg = Debug|Any CPU
		{0C856672-08BA-4E06-B69E-0C4526FB8F54}.Debug|Any CPU.Build.0 = Debug|Any CPU
		{0C856672-08BA-4E06-B69E-0C4526FB8F54}.Debug|x64.ActiveCfg = Debug|Any CPU
		{0C856672-08BA-4E06-B69E-0C4526FB8F54}.Debug|x64.Build.0 = Debug|Any CPU
		{0C856672-08BA-4E06-B69E-0C4526FB8F54}.Debug|x86.ActiveCfg = Debug|Any CPU
		{0C856672-08BA-4E06-B69E-0C4526FB8F54}.Debug|x86.Build.0 = Debug|Any CPU
		{0C856672-08BA-4E06-B69E-0C4526FB8F54}.Release|Any CPU.ActiveCfg = Release|Any CPU
		{0C856672-08BA-4E06-B69E-0C4526FB8F54}.Release|Any CPU.Build.0 = Release|Any CPU
		{0C856672-08BA-4E06-B69E-0C4526FB8F54}.Release|x64.ActiveCfg = Release|Any CPU
		{0C856672-08BA-4E06-B69E-0C4526FB8F54}.Release|x64.Build.0 = Release|Any CPU
		{0C856672-08BA-4E06-B69E-0C4526FB8F54}.Release|x86.ActiveCfg = Release|Any CPU
		{0C856672-08BA-4E06-B69E-0C4526FB8F54}.Release|x86.Build.0 = Release|Any CPU
	EndGlobalSection
	GlobalSection(SolutionProperties) = preSolution
		HideSolutionNode = FALSE
	EndGlobalSection
	GlobalSection(NestedProjects) = preSolution
		{9B447248-625F-4E59-B199-C2795AF482C9} = {84C43065-ED9C-45C7-84B3-AAB386BB79D1}
		{24C459A9-131E-4BB4-B713-4F4E46E212B5} = {7C767848-6502-4F8B-90C1-A6F6559026FC}
		{39BD6D77-66D0-4618-924F-93FCED4F7BEC} = {101F77F3-9063-4287-AB1D-20DD19F171A6}
		{999FEF4A-0981-40DD-AB56-5CBF6C005E0B} = {101F77F3-9063-4287-AB1D-20DD19F171A6}
		{22CC67CC-923B-417B-BBFC-D896D45E07DB} = {101F77F3-9063-4287-AB1D-20DD19F171A6}
		{42B9639F-DE6B-414E-AB8A-C9C26E844DE5} = {101F77F3-9063-4287-AB1D-20DD19F171A6}
		{7756FF98-349B-4E15-82D6-523E8AA59D72} = {101F77F3-9063-4287-AB1D-20DD19F171A6}
		{2C9A8D87-1C3E-4F3C-8DDF-E079DD9FBC9B} = {101F77F3-9063-4287-AB1D-20DD19F171A6}
		{0C856672-08BA-4E06-B69E-0C4526FB8F54} = {101F77F3-9063-4287-AB1D-20DD19F171A6}
	EndGlobalSection
	GlobalSection(ExtensibilityGlobals) = postSolution
		SolutionGuid = {A1CF3BDB-61B4-458C-960A-25CBC7E5EB83}
	EndGlobalSection
EndGlobal
